
Microsoft Visual Studio Solution File, Format Version 12.00
# Visual Studio 15
VisualStudioVersion = 15.0.26228.17
MinimumVisualStudioVersion = 10.0.40219.1
Project("{2150E333-8FDC-42A3-9474-1A3956D46DE8}") = "Api", "Api", "{71628E19-58DE-403C-B94D-6EFA7A5C9F96}"
EndProject
Project("{2150E333-8FDC-42A3-9474-1A3956D46DE8}") = "Client", "Client", "{D1C64B35-ACB1-451B-97AA-F443794E6475}"
EndProject
Project("{FAE04EC0-301F-11D3-BF4B-00C04F79EFBC}") = "HWServiceInterface", "HWServiceInterface\HWServiceInterface.csproj", "{221187E9-5056-4D10-BEFF-69E3BF3C9A45}"
EndProject
Project("{FAE04EC0-301F-11D3-BF4B-00C04F79EFBC}") = "HWWebApi", "HWWebApi\HWWebApi.csproj", "{DAA6E200-8189-4B44-A946-8D2A2FC0D0C9}"
EndProject
Project("{FAE04EC0-301F-11D3-BF4B-00C04F79EFBC}") = "HWServiceLayer", "HWServiceLayer\HWServiceLayer.csproj", "{0E79E49B-E2D5-44D9-9625-EF20A849F902}"
EndProject
Project("{FAE04EC0-301F-11D3-BF4B-00C04F79EFBC}") = "HWApp", "HWApp\HWApp.csproj", "{809CAF4A-C700-42FD-A214-EDB6084D793F}"
EndProject
Project("{FAE04EC0-301F-11D3-BF4B-00C04F79EFBC}") = "HWAppInterfaces", "HWAppInterfaces\HWAppInterfaces.csproj", "{F6261324-21EF-4826-A3F7-F11DFE5727D1}"
EndProject
Project("{FAE04EC0-301F-11D3-BF4B-00C04F79EFBC}") = "HWAppServiceLayer", "HWAppServiceLayer\HWAppServiceLayer.csproj", "{1BB86E0A-F6BA-494E-9335-28ABC8F408E2}"
EndProject
Project("{FAE04EC0-301F-11D3-BF4B-00C04F79EFBC}") = "HwApiTests", "HwApiTests\HwApiTests.csproj", "{F1D5478B-B5F0-4167-A560-479B4DA82554}"
EndProject
Project("{FAE04EC0-301F-11D3-BF4B-00C04F79EFBC}") = "HwAppTests", "HwAppTests\HwAppTests.csproj", "{20B44B63-D173-49A2-99FB-FECD5FEBB2E3}"
EndProject
Global
	GlobalSection(SolutionConfigurationPlatforms) = preSolution
		Debug|Any CPU = Debug|Any CPU
		Release|Any CPU = Release|Any CPU
	EndGlobalSection
	GlobalSection(ProjectConfigurationPlatforms) = postSolution
		{221187E9-5056-4D10-BEFF-69E3BF3C9A45}.Debug|Any CPU.ActiveCfg = Debug|Any CPU
		{221187E9-5056-4D10-BEFF-69E3BF3C9A45}.Debug|Any CPU.Build.0 = Debug|Any CPU
		{221187E9-5056-4D10-BEFF-69E3BF3C9A45}.Release|Any CPU.ActiveCfg = Release|Any CPU
		{221187E9-5056-4D10-BEFF-69E3BF3C9A45}.Release|Any CPU.Build.0 = Release|Any CPU
		{DAA6E200-8189-4B44-A946-8D2A2FC0D0C9}.Debug|Any CPU.ActiveCfg = Debug|Any CPU
		{DAA6E200-8189-4B44-A946-8D2A2FC0D0C9}.Debug|Any CPU.Build.0 = Debug|Any CPU
		{DAA6E200-8189-4B44-A946-8D2A2FC0D0C9}.Release|Any CPU.ActiveCfg = Release|Any CPU
		{DAA6E200-8189-4B44-A946-8D2A2FC0D0C9}.Release|Any CPU.Build.0 = Release|Any CPU
		{0E79E49B-E2D5-44D9-9625-EF20A849F902}.Debug|Any CPU.ActiveCfg = Debug|Any CPU
		{0E79E49B-E2D5-44D9-9625-EF20A849F902}.Debug|Any CPU.Build.0 = Debug|Any CPU
		{0E79E49B-E2D5-44D9-9625-EF20A849F902}.Release|Any CPU.ActiveCfg = Release|Any CPU
		{0E79E49B-E2D5-44D9-9625-EF20A849F902}.Release|Any CPU.Build.0 = Release|Any CPU
		{809CAF4A-C700-42FD-A214-EDB6084D793F}.Debug|Any CPU.ActiveCfg = Debug|Any CPU
		{809CAF4A-C700-42FD-A214-EDB6084D793F}.Debug|Any CPU.Build.0 = Debug|Any CPU
		{809CAF4A-C700-42FD-A214-EDB6084D793F}.Release|Any CPU.ActiveCfg = Release|Any CPU
		{809CAF4A-C700-42FD-A214-EDB6084D793F}.Release|Any CPU.Build.0 = Release|Any CPU
		{F6261324-21EF-4826-A3F7-F11DFE5727D1}.Debug|Any CPU.ActiveCfg = Debug|Any CPU
		{F6261324-21EF-4826-A3F7-F11DFE5727D1}.Debug|Any CPU.Build.0 = Debug|Any CPU
		{F6261324-21EF-4826-A3F7-F11DFE5727D1}.Release|Any CPU.ActiveCfg = Release|Any CPU
		{F6261324-21EF-4826-A3F7-F11DFE5727D1}.Release|Any CPU.Build.0 = Release|Any CPU
		{1BB86E0A-F6BA-494E-9335-28ABC8F408E2}.Debug|Any CPU.ActiveCfg = Debug|Any CPU
		{1BB86E0A-F6BA-494E-9335-28ABC8F408E2}.Debug|Any CPU.Build.0 = Debug|Any CPU
		{1BB86E0A-F6BA-494E-9335-28ABC8F408E2}.Release|Any CPU.ActiveCfg = Release|Any CPU
		{1BB86E0A-F6BA-494E-9335-28ABC8F408E2}.Release|Any CPU.Build.0 = Release|Any CPU
		{F1D5478B-B5F0-4167-A560-479B4DA82554}.Debug|Any CPU.ActiveCfg = Debug|Any CPU
		{F1D5478B-B5F0-4167-A560-479B4DA82554}.Debug|Any CPU.Build.0 = Debug|Any CPU
		{F1D5478B-B5F0-4167-A560-479B4DA82554}.Release|Any CPU.ActiveCfg = Release|Any CPU
		{F1D5478B-B5F0-4167-A560-479B4DA82554}.Release|Any CPU.Build.0 = Release|Any CPU
		{20B44B63-D173-49A2-99FB-FECD5FEBB2E3}.Debug|Any CPU.ActiveCfg = Debug|Any CPU
		{20B44B63-D173-49A2-99FB-FECD5FEBB2E3}.Debug|Any CPU.Build.0 = Debug|Any CPU
		{20B44B63-D173-49A2-99FB-FECD5FEBB2E3}.Release|Any CPU.ActiveCfg = Release|Any CPU
		{20B44B63-D173-49A2-99FB-FECD5FEBB2E3}.Release|Any CPU.Build.0 = Release|Any CPU
	EndGlobalSection
	GlobalSection(SolutionProperties) = preSolution
		HideSolutionNode = FALSE
	EndGlobalSection
	GlobalSection(NestedProjects) = preSolution
		{221187E9-5056-4D10-BEFF-69E3BF3C9A45} = {71628E19-58DE-403C-B94D-6EFA7A5C9F96}
		{DAA6E200-8189-4B44-A946-8D2A2FC0D0C9} = {71628E19-58DE-403C-B94D-6EFA7A5C9F96}
		{0E79E49B-E2D5-44D9-9625-EF20A849F902} = {71628E19-58DE-403C-B94D-6EFA7A5C9F96}
		{809CAF4A-C700-42FD-A214-EDB6084D793F} = {D1C64B35-ACB1-451B-97AA-F443794E6475}
		{F6261324-21EF-4826-A3F7-F11DFE5727D1} = {D1C64B35-ACB1-451B-97AA-F443794E6475}
		{1BB86E0A-F6BA-494E-9335-28ABC8F408E2} = {D1C64B35-ACB1-451B-97AA-F443794E6475}
		{F1D5478B-B5F0-4167-A560-479B4DA82554} = {71628E19-58DE-403C-B94D-6EFA7A5C9F96}
		{20B44B63-D173-49A2-99FB-FECD5FEBB2E3} = {D1C64B35-ACB1-451B-97AA-F443794E6475}
	EndGlobalSection
EndGlobal
